// !$*UTF8*$!
{
	archiveVersion = 1;
	classes = {
	};
	objectVersion = 50;
	objects = {

/* Begin PBXBuildFile section */
		CE97BDA920BD4D4C007529CA /* AppDelegate.swift in Sources */ = {isa = PBXBuildFile; fileRef = CE97BDA820BD4D4C007529CA /* AppDelegate.swift */; };
		CE97BDAB20BD4D4C007529CA /* ViewController.swift in Sources */ = {isa = PBXBuildFile; fileRef = CE97BDAA20BD4D4C007529CA /* ViewController.swift */; };
		CE97BDAE20BD4D4C007529CA /* Main.storyboard in Resources */ = {isa = PBXBuildFile; fileRef = CE97BDAC20BD4D4C007529CA /* Main.storyboard */; };
		CE97BDB020BD4D4D007529CA /* Assets.xcassets in Resources */ = {isa = PBXBuildFile; fileRef = CE97BDAF20BD4D4D007529CA /* Assets.xcassets */; };
		CE97BDB320BD4D4D007529CA /* LaunchScreen.storyboard in Resources */ = {isa = PBXBuildFile; fileRef = CE97BDB120BD4D4D007529CA /* LaunchScreen.storyboard */; };
		CE97BDBC20BD4D87007529CA /* CoreText.framework in Frameworks */ = {isa = PBXBuildFile; fileRef = CE97BDBB20BD4D87007529CA /* CoreText.framework */; };
		CE97BDBE20BD4DC8007529CA /* CTView.swift in Sources */ = {isa = PBXBuildFile; fileRef = CE97BDBD20BD4DC8007529CA /* CTView.swift */; };
		CE97BDC420BD51F8007529CA /* zombies.txt in Resources */ = {isa = PBXBuildFile; fileRef = CE97BDC020BD51F8007529CA /* zombies.txt */; };
		CE97BDC520BD51F8007529CA /* zombie1.jpg in Resources */ = {isa = PBXBuildFile; fileRef = CE97BDC120BD51F8007529CA /* zombie1.jpg */; };
		CE97BDC620BD51F8007529CA /* zombie2.jpg in Resources */ = {isa = PBXBuildFile; fileRef = CE97BDC220BD51F8007529CA /* zombie2.jpg */; };
		CE97BDC720BD51F8007529CA /* zombie3.jpg in Resources */ = {isa = PBXBuildFile; fileRef = CE97BDC320BD51F8007529CA /* zombie3.jpg */; };
		CE97BDC920BD524A007529CA /* MarkupParser.swift in Sources */ = {isa = PBXBuildFile; fileRef = CE97BDC820BD524A007529CA /* MarkupParser.swift */; };
/* End PBXBuildFile section */

/* Begin PBXFileReference section */
		CE97BDA520BD4D4C007529CA /* CoreTextMagazine.app */ = {isa = PBXFileReference; explicitFileType = wrapper.application; includeInIndex = 0; path = CoreTextMagazine.app; sourceTree = BUILT_PRODUCTS_DIR; };
		CE97BDA820BD4D4C007529CA /* AppDelegate.swift */ = {isa = PBXFileReference; lastKnownFileType = sourcecode.swift; path = AppDelegate.swift; sourceTree = "<group>"; };
		CE97BDAA20BD4D4C007529CA /* ViewController.swift */ = {isa = PBXFileReference; lastKnownFileType = sourcecode.swift; path = ViewController.swift; sourceTree = "<group>"; };
		CE97BDAD20BD4D4C007529CA /* Base */ = {isa = PBXFileReference; lastKnownFileType = file.storyboard; name = Base; path = Base.lproj/Main.storyboard; sourceTree = "<group>"; };
		CE97BDAF20BD4D4D007529CA /* Assets.xcassets */ = {isa = PBXFileReference; lastKnownFileType = folder.assetcatalog; path = Assets.xcassets; sourceTree = "<group>"; };
		CE97BDB220BD4D4D007529CA /* Base */ = {isa = PBXFileReference; lastKnownFileType = file.storyboard; name = Base; path = Base.lproj/LaunchScreen.storyboard; sourceTree = "<group>"; };
		CE97BDB420BD4D4D007529CA /* Info.plist */ = {isa = PBXFileReference; lastKnownFileType = text.plist.xml; path = Info.plist; sourceTree = "<group>"; };
		CE97BDBB20BD4D87007529CA /* CoreText.framework */ = {isa = PBXFileReference; lastKnownFileType = wrapper.framework; name = CoreText.framework; path = System/Library/Frameworks/CoreText.framework; sourceTree = SDKROOT; };
		CE97BDBD20BD4DC8007529CA /* CTView.swift */ = {isa = PBXFileReference; lastKnownFileType = sourcecode.swift; path = CTView.swift; sourceTree = "<group>"; };
		CE97BDC020BD51F8007529CA /* zombies.txt */ = {isa = PBXFileReference; fileEncoding = 4; lastKnownFileType = text; path = zombies.txt; sourceTree = "<group>"; };
		CE97BDC120BD51F8007529CA /* zombie1.jpg */ = {isa = PBXFileReference; lastKnownFileType = image.jpeg; path = zombie1.jpg; sourceTree = "<group>"; };
		CE97BDC220BD51F8007529CA /* zombie2.jpg */ = {isa = PBXFileReference; lastKnownFileType = image.jpeg; path = zombie2.jpg; sourceTree = "<group>"; };
		CE97BDC320BD51F8007529CA /* zombie3.jpg */ = {isa = PBXFileReference; lastKnownFileType = image.jpeg; path = zombie3.jpg; sourceTree = "<group>"; };
		CE97BDC820BD524A007529CA /* MarkupParser.swift */ = {isa = PBXFileReference; lastKnownFileType = sourcecode.swift; path = MarkupParser.swift; sourceTree = "<group>"; };
/* End PBXFileReference section */

/* Begin PBXFrameworksBuildPhase section */
		CE97BDA220BD4D4C007529CA /* Frameworks */ = {
			isa = PBXFrameworksBuildPhase;
			buildActionMask = 2147483647;
			files = (
				CE97BDBC20BD4D87007529CA /* CoreText.framework in Frameworks */,
			);
			runOnlyForDeploymentPostprocessing = 0;
		};
/* End PBXFrameworksBuildPhase section */

/* Begin PBXGroup section */
		CE97BD9C20BD4D4C007529CA = {
			isa = PBXGroup;
			children = (
				CE97BDA720BD4D4C007529CA /* CoreTextMagazine */,
				CE97BDA620BD4D4C007529CA /* Products */,
				CE97BDBA20BD4D87007529CA /* Frameworks */,
			);
			sourceTree = "<group>";
		};
		CE97BDA620BD4D4C007529CA /* Products */ = {
			isa = PBXGroup;
			children = (
				CE97BDA520BD4D4C007529CA /* CoreTextMagazine.app */,
			);
			name = Products;
			sourceTree = "<group>";
		};
		CE97BDA720BD4D4C007529CA /* CoreTextMagazine */ = {
			isa = PBXGroup;
			children = (
				CE97BDC820BD524A007529CA /* MarkupParser.swift */,
				CE97BDBF20BD51F8007529CA /* zombieMagMaterials */,
				CE97BDA820BD4D4C007529CA /* AppDelegate.swift */,
				CE97BDBD20BD4DC8007529CA /* CTView.swift */,
				CE97BDAA20BD4D4C007529CA /* ViewController.swift */,
				CE97BDAC20BD4D4C007529CA /* Main.storyboard */,
				CE97BDAF20BD4D4D007529CA /* Assets.xcassets */,
				CE97BDB120BD4D4D007529CA /* LaunchScreen.storyboard */,
				CE97BDB420BD4D4D007529CA /* Info.plist */,
			);
			path = CoreTextMagazine;
			sourceTree = "<group>";
		};
		CE97BDBA20BD4D87007529CA /* Frameworks */ = {
			isa = PBXGroup;
			children = (
				CE97BDBB20BD4D87007529CA /* CoreText.framework */,
			);
			name = Frameworks;
			sourceTree = "<group>";
		};
		CE97BDBF20BD51F8007529CA /* zombieMagMaterials */ = {
			isa = PBXGroup;
			children = (
				CE97BDC020BD51F8007529CA /* zombies.txt */,
				CE97BDC120BD51F8007529CA /* zombie1.jpg */,
				CE97BDC220BD51F8007529CA /* zombie2.jpg */,
				CE97BDC320BD51F8007529CA /* zombie3.jpg */,
			);
			path = zombieMagMaterials;
			sourceTree = "<group>";
		};
/* End PBXGroup section */

/* Begin PBXNativeTarget section */
		CE97BDA420BD4D4C007529CA /* CoreTextMagazine */ = {
			isa = PBXNativeTarget;
			buildConfigurationList = CE97BDB720BD4D4D007529CA /* Build configuration list for PBXNativeTarget "CoreTextMagazine" */;
			buildPhases = (
				CE97BDA120BD4D4C007529CA /* Sources */,
				CE97BDA220BD4D4C007529CA /* Frameworks */,
				CE97BDA320BD4D4C007529CA /* Resources */,
			);
			buildRules = (
			);
			dependencies = (
			);
			name = CoreTextMagazine;
			productName = CoreTextMagazine;
			productReference = CE97BDA520BD4D4C007529CA /* CoreTextMagazine.app */;
			productType = "com.apple.product-type.application";
		};
/* End PBXNativeTarget section */

/* Begin PBXProject section */
		CE97BD9D20BD4D4C007529CA /* Project object */ = {
			isa = PBXProject;
			attributes = {
				LastSwiftUpdateCheck = 0930;
				LastUpgradeCheck = 0930;
				ORGANIZATIONNAME = AhartIII;
				TargetAttributes = {
					CE97BDA420BD4D4C007529CA = {
						CreatedOnToolsVersion = 9.3.1;
					};
				};
			};
			buildConfigurationList = CE97BDA020BD4D4C007529CA /* Build configuration list for PBXProject "CoreTextMagazine" */;
			compatibilityVersion = "Xcode 9.3";
			developmentRegion = en;
			hasScannedForEncodings = 0;
			knownRegions = (
				en,
				Base,
			);
			mainGroup = CE97BD9C20BD4D4C007529CA;
			productRefGroup = CE97BDA620BD4D4C007529CA /* Products */;
			projectDirPath = "";
			projectRoot = "";
			targets = (
				CE97BDA420BD4D4C007529CA /* CoreTextMagazine */,
			);
		};
/* End PBXProject section */

/* Begin PBXResourcesBuildPhase section */
		CE97BDA320BD4D4C007529CA /* Resources */ = {
			isa = PBXResourcesBuildPhase;
			buildActionMask = 2147483647;
			files = (
				CE97BDB320BD4D4D007529CA /* LaunchScreen.storyboard in Resources */,
				CE97BDB020BD4D4D007529CA /* Assets.xcassets in Resources */,
				CE97BDC420BD51F8007529CA /* zombies.txt in Resources */,
				CE97BDAE20BD4D4C007529CA /* Main.storyboard in Resources */,
				CE97BDC620BD51F8007529CA /* zombie2.jpg in Resources */,
				CE97BDC520BD51F8007529CA /* zombie1.jpg in Resources */,
				CE97BDC720BD51F8007529CA /* zombie3.jpg in Resources */,
			);
			runOnlyForDeploymentPostprocessing = 0;
		};
/* End PBXResourcesBuildPhase section */

/* Begin PBXSourcesBuildPhase section */
		CE97BDA120BD4D4C007529CA /* Sources */ = {
			isa = PBXSourcesBuildPhase;
			buildActionMask = 2147483647;
			files = (
				CE97BDAB20BD4D4C007529CA /* ViewController.swift in Sources */,
				CE97BDBE20BD4DC8007529CA /* CTView.swift in Sources */,
				CE97BDC920BD524A007529CA /* MarkupParser.swift in Sources */,
				CE97BDA920BD4D4C007529CA /* AppDelegate.swift in Sources */,
			);
			runOnlyForDeploymentPostprocessing = 0;
		};
/* End PBXSourcesBuildPhase section */

/* Begin PBXVariantGroup section */
		CE97BDAC20BD4D4C007529CA /* Main.storyboard */ = {
			isa = PBXVariantGroup;
			children = (
				CE97BDAD20BD4D4C007529CA /* Base */,
			);
			name = Main.storyboard;
			sourceTree = "<group>";
		};
		CE97BDB120BD4D4D007529CA /* LaunchScreen.storyboard */ = {
			isa = PBXVariantGroup;
			children = (
				CE97BDB220BD4D4D007529CA /* Base */,
			);
			name = LaunchScreen.storyboard;
			sourceTree = "<group>";
		};
/* End PBXVariantGroup section */

/* Begin XCBuildConfiguration section */
		CE97BDB520BD4D4D007529CA /* Debug */ = {
			isa = XCBuildConfiguration;
			buildSettings = {
				ALWAYS_SEARCH_USER_PATHS = NO;
				CLANG_ANALYZER_NONNULL = YES;
				CLANG_ANALYZER_NUMBER_OBJECT_CONVERSION = YES_AGGRESSIVE;
				CLANG_CXX_LANGUAGE_STANDARD = "gnu++14";
				CLANG_CXX_LIBRARY = "libc++";
				CLANG_ENABLE_MODULES = YES;
				CLANG_ENABLE_OBJC_ARC = YES;
				CLANG_ENABLE_OBJC_WEAK = YES;
				CLANG_WARN_BLOCK_CAPTURE_AUTORELEASING = YES;
				CLANG_WARN_BOOL_CONVERSION = YES;
				CLANG_WARN_COMMA = YES;
				CLANG_WARN_CONSTANT_CONVERSION = YES;
				CLANG_WARN_DEPRECATED_OBJC_IMPLEMENTATIONS = YES;
				CLANG_WARN_DIRECT_OBJC_ISA_USAGE = YES_ERROR;
				CLANG_WARN_DOCUMENTATION_COMMENTS = YES;
				CLANG_WARN_EMPTY_BODY = YES;
				CLANG_WARN_ENUM_CONVERSION = YES;
				CLANG_WARN_INFINITE_RECURSION = YES;
				CLANG_WARN_INT_CONVERSION = YES;
				CLANG_WARN_NON_LITERAL_NULL_CONVERSION = YES;
				CLANG_WARN_OBJC_IMPLICIT_RETAIN_SELF = YES;
				CLANG_WARN_OBJC_LITERAL_CONVERSION = YES;
				CLANG_WARN_OBJC_ROOT_CLASS = YES_ERROR;
				CLANG_WARN_RANGE_LOOP_ANALYSIS = YES;
				CLANG_WARN_STRICT_PROTOTYPES = YES;
				CLANG_WARN_SUSPICIOUS_MOVE = YES;
				CLANG_WARN_UNGUARDED_AVAILABILITY = YES_AGGRESSIVE;
				CLANG_WARN_UNREACHABLE_CODE = YES;
				CLANG_WARN__DUPLICATE_METHOD_MATCH = YES;
				CODE_SIGN_IDENTITY = "iPhone Developer";
				COPY_PHASE_STRIP = NO;
				DEBUG_INFORMATION_FORMAT = dwarf;
				ENABLE_STRICT_OBJC_MSGSEND = YES;
				ENABLE_TESTABILITY = YES;
				GCC_C_LANGUAGE_STANDARD = gnu11;
				GCC_DYNAMIC_NO_PIC = NO;
				GCC_NO_COMMON_BLOCKS = YES;
				GCC_OPTIMIZATION_LEVEL = 0;
				GCC_PREPROCESSOR_DEFINITIONS = (
					"DEBUG=1",
					"$(inherited)",
				);
				GCC_WARN_64_TO_32_BIT_CONVERSION = YES;
				GCC_WARN_ABOUT_RETURN_TYPE = YES_ERROR;
				GCC_WARN_UNDECLARED_SELECTOR = YES;
				GCC_WARN_UNINITIALIZED_AUTOS = YES_AGGRESSIVE;
				GCC_WARN_UNUSED_FUNCTION = YES;
				GCC_WARN_UNUSED_VARIABLE = YES;
				IPHONEOS_DEPLOYMENT_TARGET = 11.3;
				MTL_ENABLE_DEBUG_INFO = YES;
				ONLY_ACTIVE_ARCH = YES;
				SDKROOT = iphoneos;
				SWIFT_ACTIVE_COMPILATION_CONDITIONS = DEBUG;
				SWIFT_OPTIMIZATION_LEVEL = "-Onone";
			};
			name = Debug;
		};
		CE97BDB620BD4D4D007529CA /* Release */ = {
			isa = XCBuildConfiguration;
			buildSettings = {
				ALWAYS_SEARCH_USER_PATHS = NO;
				CLANG_ANALYZER_NONNULL = YES;
				CLANG_ANALYZER_NUMBER_OBJECT_CONVERSION = YES_AGGRESSIVE;
				CLANG_CXX_LANGUAGE_STANDARD = "gnu++14";
				CLANG_CXX_LIBRARY = "libc++";
				CLANG_ENABLE_MODULES = YES;
				CLANG_ENABLE_OBJC_ARC = YES;
				CLANG_ENABLE_OBJC_WEAK = YES;
				CLANG_WARN_BLOCK_CAPTURE_AUTORELEASING = YES;
				CLANG_WARN_BOOL_CONVERSION = YES;
				CLANG_WARN_COMMA = YES;
				CLANG_WARN_CONSTANT_CONVERSION = YES;
				CLANG_WARN_DEPRECATED_OBJC_IMPLEMENTATIONS = YES;
				CLANG_WARN_DIRECT_OBJC_ISA_USAGE = YES_ERROR;
				CLANG_WARN_DOCUMENTATION_COMMENTS = YES;
				CLANG_WARN_EMPTY_BODY = YES;
				CLANG_WARN_ENUM_CONVERSION = YES;
				CLANG_WARN_INFINITE_RECURSION = YES;
				CLANG_WARN_INT_CONVERSION = YES;
				CLANG_WARN_NON_LITERAL_NULL_CONVERSION = YES;
				CLANG_WARN_OBJC_IMPLICIT_RETAIN_SELF = YES;
				CLANG_WARN_OBJC_LITERAL_CONVERSION = YES;
				CLANG_WARN_OBJC_ROOT_CLASS = YES_ERROR;
				CLANG_WARN_RANGE_LOOP_ANALYSIS = YES;
				CLANG_WARN_STRICT_PROTOTYPES = YES;
				CLANG_WARN_SUSPICIOUS_MOVE = YES;
				CLANG_WARN_UNGUARDED_AVAILABILITY = YES_AGGRESSIVE;
				CLANG_WARN_UNREACHABLE_CODE = YES;
				CLANG_WARN__DUPLICATE_METHOD_MATCH = YES;
				CODE_SIGN_IDENTITY = "iPhone Developer";
				COPY_PHASE_STRIP = NO;
				DEBUG_INFORMATION_FORMAT = "dwarf-with-dsym";
				ENABLE_NS_ASSERTIONS = NO;
				ENABLE_STRICT_OBJC_MSGSEND = YES;
				GCC_C_LANGUAGE_STANDARD = gnu11;
				GCC_NO_COMMON_BLOCKS = YES;
				GCC_WARN_64_TO_32_BIT_CONVERSION = YES;
				GCC_WARN_ABOUT_RETURN_TYPE = YES_ERROR;
				GCC_WARN_UNDECLARED_SELECTOR = YES;
				GCC_WARN_UNINITIALIZED_AUTOS = YES_AGGRESSIVE;
				GCC_WARN_UNUSED_FUNCTION = YES;
				GCC_WARN_UNUSED_VARIABLE = YES;
				IPHONEOS_DEPLOYMENT_TARGET = 11.3;
				MTL_ENABLE_DEBUG_INFO = NO;
				SDKROOT = iphoneos;
				SWIFT_COMPILATION_MODE = wholemodule;
				SWIFT_OPTIMIZATION_LEVEL = "-O";
				VALIDATE_PRODUCT = YES;
			};
			name = Release;
		};
		CE97BDB820BD4D4D007529CA /* Debug */ = {
			isa = XCBuildConfiguration;
			buildSettings = {
				ASSETCATALOG_COMPILER_APPICON_NAME = AppIcon;
				CODE_SIGN_STYLE = Automatic;
				DEVELOPMENT_TEAM = 46Q4GVBUS8;
				INFOPLIST_FILE = CoreTextMagazine/Info.plist;
				LD_RUNPATH_SEARCH_PATHS = (
					"$(inherited)",
					"@executable_path/Frameworks",
				);
				PRODUCT_BUNDLE_IDENTIFIER = powers.Ahart.CoreTextMagazine;
				PRODUCT_NAME = "$(TARGET_NAME)";
				SWIFT_VERSION = 4.0;
				TARGETED_DEVICE_FAMILY = "1,2";
			};
			name = Debug;
		};
		CE97BDB920BD4D4D007529CA /* Release */ = {
			isa = XCBuildConfiguration;
			buildSettings = {
				ASSETCATALOG_COMPILER_APPICON_NAME = AppIcon;
				CODE_SIGN_STYLE = Automatic;
				DEVELOPMENT_TEAM = 46Q4GVBUS8;
				INFOPLIST_FILE = CoreTextMagazine/Info.plist;
				LD_RUNPATH_SEARCH_PATHS = (
					"$(inherited)",
					"@executable_path/Frameworks",
				);
				PRODUCT_BUNDLE_IDENTIFIER = powers.Ahart.CoreTextMagazine;
				PRODUCT_NAME = "$(TARGET_NAME)";
				SWIFT_VERSION = 4.0;
				TARGETED_DEVICE_FAMILY = "1,2";
			};
			name = Release;
		};
/* End XCBuildConfiguration section */

/* Begin XCConfigurationList section */
		CE97BDA020BD4D4C007529CA /* Build configuration list for PBXProject "CoreTextMagazine" */ = {
			isa = XCConfigurationList;
			buildConfigurations = (
				CE97BDB520BD4D4D007529CA /* Debug */,
				CE97BDB620BD4D4D007529CA /* Release */,
			);
			defaultConfigurationIsVisible = 0;
			defaultConfigurationName = Release;
		};
		CE97BDB720BD4D4D007529CA /* Build configuration list for PBXNativeTarget "CoreTextMagazine" */ = {
			isa = XCConfigurationList;
			buildConfigurations = (
				CE97BDB820BD4D4D007529CA /* Debug */,
				CE97BDB920BD4D4D007529CA /* Release */,
			);
			defaultConfigurationIsVisible = 0;
			defaultConfigurationName = Release;
		};
/* End XCConfigurationList section */
	};
	rootObject = CE97BD9D20BD4D4C007529CA /* Project object */;
}
